
Microsoft Visual Studio Solution File, Format Version 12.00
# Visual Studio Version 16
VisualStudioVersion = 16.0.29728.190
MinimumVisualStudioVersion = 10.0.40219.1
Project("{FAE04EC0-301F-11D3-BF4B-00C04F79EFBC}") = "LightBakes", "LightBakes.csproj", "{74C49707-D1B4-401A-94C8-9225BFA822AA}"
EndProject
Global
	GlobalSection(SolutionConfigurationPlatforms) = preSolution
		Debug|Any CPU = Debug|Any CPU
		Release|Any CPU = Release|Any CPU
	EndGlobalSection
	GlobalSection(ProjectConfigurationPlatforms) = postSolution
		{74C49707-D1B4-401A-94C8-9225BFA822AA}.Debug|Any CPU.ActiveCfg = Debug|Any CPU
		{74C49707-D1B4-401A-94C8-9225BFA822AA}.Debug|Any CPU.Build.0 = Debug|Any CPU
		{74C49707-D1B4-401A-94C8-9225BFA822AA}.Release|Any CPU.ActiveCfg = Release|Any CPU
		{74C49707-D1B4-401A-94C8-9225BFA822AA}.Release|Any CPU.Build.0 = Release|Any CPU
	EndGlobalSection
	GlobalSection(SolutionProperties) = preSolution
		HideSolutionNode = FALSE
	EndGlobalSection
	GlobalSection(ExtensibilityGlobals) = postSolution
		SolutionGuid = {9A7906D7-6707-4FA6-98E0-A461D6B7ABAD}
	EndGlobalSection
EndGlobal
